{
  "name": "@brokenedtzjs/discord-music",
  "version": "1.0.2",
  "lockfileVersion": 2,
  "requires": true,
  "packages": {
    "": {
      "name": "@brokenedtzjs/discord-music",
      "version": "1.0.2",
      "license": "ISC",
      "dependencies": {
        "youtube-sr": "^4.3.4"
      }
    },
    "node_modules/youtube-sr": {
      "version": "4.3.4",
      "resolved": "https://registry.npmjs.org/youtube-sr/-/youtube-sr-4.3.4.tgz",
      "integrity": "sha512-olSYcR80XigutCrePEXBX3/RJJrWfonJQj7+/ggBiWU0CzTDLE1q8+lpWTWCG0JpzhzILp/IB/Bq/glGqqr1TQ=="
    }
  },
  "dependencies": {
    "youtube-sr": {
      "version": "4.3.4",
      "resolved": "https://registry.npmjs.org/youtube-sr/-/youtube-sr-4.3.4.tgz",
      "integrity": "sha512-olSYcR80XigutCrePEXBX3/RJJrWfonJQj7+/ggBiWU0CzTDLE1q8+lpWTWCG0JpzhzILp/IB/Bq/glGqqr1TQ=="
    }
  }
}
